# THIS IS AN AUTOGENERATED FILE. DO NOT EDIT THIS FILE DIRECTLY.
# yarn lockfile v1


"@aws-cdk/assets@1.19.0":
  version "1.19.0"
  resolved "https://registry.yarnpkg.com/@aws-cdk/assets/-/assets-1.19.0.tgz#7ab364805f63398587e3f6062152ce212ec9594b"
  integrity sha512-BPc7e6mUWZfLxR0OEUv6nroaV82baSLOR9qygFE/pU24/ku/eamqdQP1XU3cnQCpF5n5vUIA6alP5TIYvBpsZw==
  dependencies:
    "@aws-cdk/core" "1.19.0"
    "@aws-cdk/cx-api" "1.19.0"
    minimatch "^3.0.4"

"@aws-cdk/aws-applicationautoscaling@1.19.0":
  version "1.19.0"
  resolved "https://registry.yarnpkg.com/@aws-cdk/aws-applicationautoscaling/-/aws-applicationautoscaling-1.19.0.tgz#8e70e5ad4aac03b2d4ee71a84f240436932d89d7"
  integrity sha512-Wn+g8V50pOOvCyYPU5FKZU5SuRuC7s8htRs5PZmZMDDI94xRchPPqoCxEitDrVyBxRJh4fEt3VDWU7OqXFztBg==
  dependencies:
    "@aws-cdk/aws-autoscaling-common" "1.19.0"
    "@aws-cdk/aws-cloudwatch" "1.19.0"
    "@aws-cdk/aws-iam" "1.19.0"
    "@aws-cdk/core" "1.19.0"

"@aws-cdk/aws-appsync@^1.18.0":
  version "1.19.0"
  resolved "https://registry.yarnpkg.com/@aws-cdk/aws-appsync/-/aws-appsync-1.19.0.tgz#cf13ac356bab2b6b0916cc61b17839862c76543b"
  integrity sha512-M+BBUrdl6SCO0ENdWWObbV76xF5U5EtHGz4XRsa9ZP0xh76eh5G4UDwolmercqke30fp1dN4VfSq75XHR0k7Zg==
  dependencies:
    "@aws-cdk/aws-cognito" "1.19.0"
    "@aws-cdk/aws-dynamodb" "1.19.0"
    "@aws-cdk/aws-iam" "1.19.0"
    "@aws-cdk/aws-lambda" "1.19.0"
    "@aws-cdk/core" "1.19.0"

"@aws-cdk/aws-autoscaling-common@1.19.0":
  version "1.19.0"
  resolved "https://registry.yarnpkg.com/@aws-cdk/aws-autoscaling-common/-/aws-autoscaling-common-1.19.0.tgz#2afc686cff0aafaa8d425598f60745a7761038b9"
  integrity sha512-g2SEtFQoXlvAh5beNasSFyBB7OW/dLHwhmGg1YIHymrpgs42uFAuP0xise9u7Sru5JhUhaYuHa7e1s3nkiHUpw==
  dependencies:
    "@aws-cdk/aws-iam" "1.19.0"
    "@aws-cdk/core" "1.19.0"

"@aws-cdk/aws-cloudwatch@1.19.0":
  version "1.19.0"
  resolved "https://registry.yarnpkg.com/@aws-cdk/aws-cloudwatch/-/aws-cloudwatch-1.19.0.tgz#6a5e86c93ad901f388282df77613bdd66ef7f3fd"
  integrity sha512-xrMeSxbkAXAMNMMx2hMfgXiyI6E2zmxaUv2KD2cA9AloS1ms53y4OlPmQRbkjla2nbMnSDPqFLvLv/VVJXCSOQ==
  dependencies:
    "@aws-cdk/aws-iam" "1.19.0"
    "@aws-cdk/core" "1.19.0"

"@aws-cdk/aws-cognito@1.19.0":
  version "1.19.0"
  resolved "https://registry.yarnpkg.com/@aws-cdk/aws-cognito/-/aws-cognito-1.19.0.tgz#238c1564a4983c84f8fe2f83ea44bf7d47d2178a"
  integrity sha512-R5Vzy3wVH4rUdpUI3vIjettCWNc47WF4JBBhws111/M2PSNDPLVSslbIooWF09q/3AeM3SggguUSglAdRWdfGw==
  dependencies:
    "@aws-cdk/aws-iam" "1.19.0"
    "@aws-cdk/aws-lambda" "1.19.0"
    "@aws-cdk/core" "1.19.0"

"@aws-cdk/aws-dynamodb@1.19.0", "@aws-cdk/aws-dynamodb@^1.18.0":
  version "1.19.0"
  resolved "https://registry.yarnpkg.com/@aws-cdk/aws-dynamodb/-/aws-dynamodb-1.19.0.tgz#1941c3294b4e314fddaaae619f896dab4d5451d0"
  integrity sha512-wbxEfhHdgvebakHfwgFeIKIk7O8giFyZ7Z7Qm5uuW7eUqq55UDX7yYbtpspzwczPxZnBkOmDfk/Qqel/x17/bw==
  dependencies:
    "@aws-cdk/aws-applicationautoscaling" "1.19.0"
    "@aws-cdk/aws-iam" "1.19.0"
    "@aws-cdk/core" "1.19.0"

"@aws-cdk/aws-ec2@1.19.0":
  version "1.19.0"
  resolved "https://registry.yarnpkg.com/@aws-cdk/aws-ec2/-/aws-ec2-1.19.0.tgz#f7cdf1f39ae71c77c7dbe9a5a6a8db5fbd3c80d3"
  integrity sha512-r5nyxZdi4KGGvd3HavRXHhhgAqQIak+Go2YoxVDNJoT/OegStv4gPoqRtoxlYuZU3LooDL1CzVBvVlghKpF0Vg==
  dependencies:
    "@aws-cdk/aws-cloudwatch" "1.19.0"
    "@aws-cdk/aws-iam" "1.19.0"
    "@aws-cdk/aws-ssm" "1.19.0"
    "@aws-cdk/core" "1.19.0"
    "@aws-cdk/cx-api" "1.19.0"

"@aws-cdk/aws-events@1.19.0":
  version "1.19.0"
  resolved "https://registry.yarnpkg.com/@aws-cdk/aws-events/-/aws-events-1.19.0.tgz#1fe0425374bc0d5abc9bbffb3389d97b7adc8121"
  integrity sha512-wLH2+KuZm8U8+ZN3XF98Radlr1LWL9lgoHueRp2qnPqf9pSQjqGcUsnuD5Uz9EmgMqXEe96gCKa3PX8GEOIuPQ==
  dependencies:
    "@aws-cdk/aws-iam" "1.19.0"
    "@aws-cdk/core" "1.19.0"

"@aws-cdk/aws-iam@1.19.0", "@aws-cdk/aws-iam@^1.18.0":
  version "1.19.0"
  resolved "https://registry.yarnpkg.com/@aws-cdk/aws-iam/-/aws-iam-1.19.0.tgz#bc3c4c7b39d4ae7927970d6203560f9a09c6bd78"
  integrity sha512-ZHuS69Qa54oSO3mmsMILtmbzj+V4eeR7MrLUmECY5V78gEmoXy2f3Nf9YY99ZsiY38zjmmTjr21A4NnZyocJog==
  dependencies:
    "@aws-cdk/core" "1.19.0"
    "@aws-cdk/region-info" "1.19.0"

"@aws-cdk/aws-kms@1.19.0":
  version "1.19.0"
  resolved "https://registry.yarnpkg.com/@aws-cdk/aws-kms/-/aws-kms-1.19.0.tgz#c5dc65e14131db7b9a1760301ef4c66e1cf19697"
  integrity sha512-Ii2W04u8xoc9nUIkzFdCq1khS8ct5EI2mrkWwWoWotMdfwYiHXFQQSGFBPsFU4R07WXty/mSWvj8gFQZcIWRaw==
  dependencies:
    "@aws-cdk/aws-iam" "1.19.0"
    "@aws-cdk/core" "1.19.0"

"@aws-cdk/aws-lambda@1.19.0", "@aws-cdk/aws-lambda@^1.18.0":
  version "1.19.0"
  resolved "https://registry.yarnpkg.com/@aws-cdk/aws-lambda/-/aws-lambda-1.19.0.tgz#35e0308574229059992175e73e9a02f197eda764"
  integrity sha512-rtVF5s9csBhW+1q+gzHHj9qZ6jFwFhjBfin08fSoCZSeX5oZ7aSIdmscIcI49n9fsF3QaIGmpBM1xzMPznSHLA==
  dependencies:
    "@aws-cdk/aws-cloudwatch" "1.19.0"
    "@aws-cdk/aws-ec2" "1.19.0"
    "@aws-cdk/aws-events" "1.19.0"
    "@aws-cdk/aws-iam" "1.19.0"
    "@aws-cdk/aws-logs" "1.19.0"
    "@aws-cdk/aws-s3" "1.19.0"
    "@aws-cdk/aws-s3-assets" "1.19.0"
    "@aws-cdk/aws-sqs" "1.19.0"
    "@aws-cdk/core" "1.19.0"
    "@aws-cdk/cx-api" "1.19.0"

"@aws-cdk/aws-logs@1.19.0":
  version "1.19.0"
  resolved "https://registry.yarnpkg.com/@aws-cdk/aws-logs/-/aws-logs-1.19.0.tgz#9a308b8132f006f7808f2e24d55e223b19bd16f3"
  integrity sha512-JK5GzwhA9wHeDK//1F08l9RiC7yKduid4PwH2gT5CXBDFDn47MeGLR5H/5Tbv/bAPSg8AOA88tx7TXs2mJUuew==
  dependencies:
    "@aws-cdk/aws-cloudwatch" "1.19.0"
    "@aws-cdk/aws-iam" "1.19.0"
    "@aws-cdk/core" "1.19.0"

"@aws-cdk/aws-s3-assets@1.19.0":
  version "1.19.0"
  resolved "https://registry.yarnpkg.com/@aws-cdk/aws-s3-assets/-/aws-s3-assets-1.19.0.tgz#2bea7579a8ab671d652c470fb4fc7e98be47c6e6"
  integrity sha512-7KjUrseT/7/0BU+y98isxgefIvNSGlk0E8s9umYuFVhGdbpfagbuusB0WfZjIukg5kOEy9No31TilTMakZQKXQ==
  dependencies:
    "@aws-cdk/assets" "1.19.0"
    "@aws-cdk/aws-iam" "1.19.0"
    "@aws-cdk/aws-s3" "1.19.0"
    "@aws-cdk/core" "1.19.0"
    "@aws-cdk/cx-api" "1.19.0"

"@aws-cdk/aws-s3@1.19.0":
  version "1.19.0"
  resolved "https://registry.yarnpkg.com/@aws-cdk/aws-s3/-/aws-s3-1.19.0.tgz#87771c9100c836dde44dcfc9558c9b5a6c7a3c03"
  integrity sha512-cubVDC/P62k1n1lObY8PqOPTDauCB1F+wCMk0yYDvqSEq1nWxTg06o2GaMR+ALxCh0fLA9hcEdxzDgyR9mvCtw==
  dependencies:
    "@aws-cdk/aws-events" "1.19.0"
    "@aws-cdk/aws-iam" "1.19.0"
    "@aws-cdk/aws-kms" "1.19.0"
    "@aws-cdk/core" "1.19.0"

"@aws-cdk/aws-sqs@1.19.0":
  version "1.19.0"
  resolved "https://registry.yarnpkg.com/@aws-cdk/aws-sqs/-/aws-sqs-1.19.0.tgz#4bfc0a4a238e3d531c067c016589829fe2af799a"
  integrity sha512-2284OR3965QTdEtGcc9S08OTXq4KEoeXmVQjnVafuqrAWRCEWG1DnRMvc8iz9c+TpynY0gXk07QK21GHO/GV3A==
  dependencies:
    "@aws-cdk/aws-cloudwatch" "1.19.0"
    "@aws-cdk/aws-iam" "1.19.0"
    "@aws-cdk/aws-kms" "1.19.0"
    "@aws-cdk/core" "1.19.0"

"@aws-cdk/aws-ssm@1.19.0":
  version "1.19.0"
  resolved "https://registry.yarnpkg.com/@aws-cdk/aws-ssm/-/aws-ssm-1.19.0.tgz#a7ae80be9f2c96422c21ed6835026491b3dc67eb"
  integrity sha512-vn4poYy30N1PBY+DrO0mbBX3NqR6hiDSaFMmWeqddsbhNURN0Vr6WW/M60OJBNIoeq/1zjh3L9kl7/+wrNO8jA==
  dependencies:
    "@aws-cdk/aws-iam" "1.19.0"
    "@aws-cdk/aws-kms" "1.19.0"
    "@aws-cdk/core" "1.19.0"
    "@aws-cdk/cx-api" "1.19.0"

"@aws-cdk/core@1.19.0", "@aws-cdk/core@^1.18.0":
  version "1.19.0"
  resolved "https://registry.yarnpkg.com/@aws-cdk/core/-/core-1.19.0.tgz#d2997fd1104f4728b045d20c934c2cd281f14d33"
  integrity sha512-WFEsUuZaF39c7qiITXTYkQ9cmIMdlkLYdFVTcIBnGf9EwDY32YXqeBQn1rDF7EkilwV40WzHx5MUJ8qvBoKRtA==
  dependencies:
    "@aws-cdk/cx-api" "1.19.0"

"@aws-cdk/cx-api@1.19.0":
  version "1.19.0"
  resolved "https://registry.yarnpkg.com/@aws-cdk/cx-api/-/cx-api-1.19.0.tgz#b8c8330186261828642ba7420a054828dbd1c5cb"
  integrity sha512-+Ypset+keoQDK1qMmJrDVG97VUALDAMQBIJ7X1KvbUMHVzyT0kl268CCnLS066AmdkwAGevFpAQkGzpBQwobMA==
  dependencies:
    semver "^6.3.0"

"@aws-cdk/region-info@1.19.0":
  version "1.19.0"
  resolved "https://registry.yarnpkg.com/@aws-cdk/region-info/-/region-info-1.19.0.tgz#bb15d3b285901c49e9ef80d8b373cc76e0142298"
  integrity sha512-Eehx3L88tCQgQ/NX2ysJSflT0+lM92GkJosji13TboIrAalPlbi1xdLebUf9U7GTybtbAGJNNLqZVBDnU1/g6w==

balanced-match@^1.0.0:
  version "1.0.0"
  resolved "https://registry.yarnpkg.com/balanced-match/-/balanced-match-1.0.0.tgz#89b4d199ab2bee49de164ea02b89ce462d71b767"
  integrity sha1-ibTRmasr7kneFk6gK4nORi1xt2c=

brace-expansion@^1.1.7:
  version "1.1.11"
  resolved "https://registry.yarnpkg.com/brace-expansion/-/brace-expansion-1.1.11.tgz#3c7fcbf529d87226f3d2f52b966ff5271eb441dd"
  integrity sha512-iCuPHDFgrHX7H2vEI/5xpz07zSHB00TpugqhmYtVmMO6518mCuRMoOYFldEBl0g187ufozdaHgWKcYFb61qGiA==
  dependencies:
    balanced-match "^1.0.0"
    concat-map "0.0.1"

concat-map@0.0.1:
  version "0.0.1"
  resolved "https://registry.yarnpkg.com/concat-map/-/concat-map-0.0.1.tgz#d8a96bd77fd68df7793a73036a3ba0d5405d477b"
  integrity sha1-2Klr13/Wjfd5OnMDajug1UBdR3s=

minimatch@^3.0.4:
  version "3.0.4"
  resolved "https://registry.yarnpkg.com/minimatch/-/minimatch-3.0.4.tgz#5166e286457f03306064be5497e8dbb0c3d32083"
  integrity sha512-yJHVQEhyqPLUTgt9B83PXu6W3rx4MvvHvSUvToogpwoGDOUQ+yDrR0HRot+yOCdCO7u4hX3pWft6kWBBcqh0UA==
  dependencies:
    brace-expansion "^1.1.7"

semver@^6.3.0:
  version "6.3.0"
  resolved "https://registry.yarnpkg.com/semver/-/semver-6.3.0.tgz#ee0a64c8af5e8ceea67687b133761e1becbd1d3d"
  integrity sha512-b39TBaTSfV6yBrapU89p5fKekE2m/NwnDocOVruQFS1/veMgdzuPcnOM34M6CwxW8jH/lxEa5rBoDeUwu5HHTw==

typescript@^3.7.3:
  version "3.7.3"
  resolved "https://registry.yarnpkg.com/typescript/-/typescript-3.7.3.tgz#b36840668a16458a7025b9eabfad11b66ab85c69"
  integrity sha512-Mcr/Qk7hXqFBXMN7p7Lusj1ktCBydylfQM/FZCk5glCNQJrCUKPkMHdo9R0MTFWsC/4kPFvDS0fDPvukfCkFsw==
