# THIS IS AN AUTOGENERATED FILE. DO NOT EDIT THIS FILE DIRECTLY.
# yarn lockfile v1


"@aws-cdk/aws-applicationautoscaling@1.18.0":
  version "1.18.0"
  resolved "https://registry.yarnpkg.com/@aws-cdk/aws-applicationautoscaling/-/aws-applicationautoscaling-1.18.0.tgz#78e9a6ba08f56adc4b30d69a07817eab5bf74c0d"
  integrity sha512-hZFmj1gSQFvRB3hAj6X/ttGtLq2paT3IvSIlYWKZabnyosWfFYfLObsShjgdKp/BrrRago6PzCCQcYHUK7dxBg==
  dependencies:
    "@aws-cdk/aws-autoscaling-common" "1.18.0"
    "@aws-cdk/aws-cloudwatch" "1.18.0"
    "@aws-cdk/aws-iam" "1.18.0"
    "@aws-cdk/core" "1.18.0"

"@aws-cdk/aws-appsync@^1.18.0":
  version "1.18.0"
  resolved "https://registry.yarnpkg.com/@aws-cdk/aws-appsync/-/aws-appsync-1.18.0.tgz#0cc3a48c9d0de4c466b3ff7af943a170754c995e"
  integrity sha512-uJ9VjFfR74PtvuimQSd4ppNNMc+f8CyNfuNghYL/HbczEpiJa6XnJO2XXMru+PojZXId8TwF1MJenHRqYd9kxQ==
  dependencies:
    "@aws-cdk/core" "1.18.0"

"@aws-cdk/aws-autoscaling-common@1.18.0":
  version "1.18.0"
  resolved "https://registry.yarnpkg.com/@aws-cdk/aws-autoscaling-common/-/aws-autoscaling-common-1.18.0.tgz#612c7feacbda01ff8de369ecd45b9d00490ef047"
  integrity sha512-nr6oI9qVo4tGXKfcI3PHxzOn2dhkL8gGjxCLNDUCFkugUr3XpmfboCEM0Amn1A1gqgES/3D7fVbOLaxtxU2WZg==
  dependencies:
    "@aws-cdk/aws-iam" "1.18.0"
    "@aws-cdk/core" "1.18.0"

"@aws-cdk/aws-cloudwatch@1.18.0":
  version "1.18.0"
  resolved "https://registry.yarnpkg.com/@aws-cdk/aws-cloudwatch/-/aws-cloudwatch-1.18.0.tgz#4e6eac36aef860334ba251f00d69183593b7d1e5"
  integrity sha512-/Lgp/Q/2CSNWnf3DpcNkg+OfZ3BOkRp8gBJUMMgY0mYSRcXyDj9jy2CC1RrYj1G9R2tcyGxlplLoEndtqIiBcA==
  dependencies:
    "@aws-cdk/aws-iam" "1.18.0"
    "@aws-cdk/core" "1.18.0"

"@aws-cdk/aws-dynamodb@^1.18.0":
  version "1.18.0"
  resolved "https://registry.yarnpkg.com/@aws-cdk/aws-dynamodb/-/aws-dynamodb-1.18.0.tgz#dd6617963ba73bc43abbfecf90fdebef6040f178"
  integrity sha512-LUTNaZ5J894kT88MNKWkqQFxxfjDj9AV7qle1U7lIxq18B9At9O0pNY74ayZF7TZQlPk3ra9Cu5fjFeKpx0Ukg==
  dependencies:
    "@aws-cdk/aws-applicationautoscaling" "1.18.0"
    "@aws-cdk/aws-iam" "1.18.0"
    "@aws-cdk/core" "1.18.0"

"@aws-cdk/aws-iam@1.18.0", "@aws-cdk/aws-iam@^1.18.0":
  version "1.18.0"
  resolved "https://registry.yarnpkg.com/@aws-cdk/aws-iam/-/aws-iam-1.18.0.tgz#f75fe2d33cb25e88f60e14da1a83ee0404515b94"
  integrity sha512-rl+1Oo1S5jZhAAxD1bR9ddBxIajyZ3LDpmGxiU1Y/4ZiwRlv/CKODOfhbNZUC4qHCeDFHUVUOjIYo2PRHRNmCA==
  dependencies:
    "@aws-cdk/core" "1.18.0"
    "@aws-cdk/region-info" "1.18.0"

"@aws-cdk/core@1.18.0", "@aws-cdk/core@^1.18.0":
  version "1.18.0"
  resolved "https://registry.yarnpkg.com/@aws-cdk/core/-/core-1.18.0.tgz#0cf75353772fdf7f34e4a3de6510a8881fd75eb5"
  integrity sha512-9/VCu0X/McR/VPpEnFLKQ08Nc6xsjwJEA5LA3yIh6RSnFpIcQhu4IhDcoRG6OXjiOIDXk1rFf1Tu8pHevame6g==
  dependencies:
    "@aws-cdk/cx-api" "1.18.0"

"@aws-cdk/cx-api@1.18.0":
  version "1.18.0"
  resolved "https://registry.yarnpkg.com/@aws-cdk/cx-api/-/cx-api-1.18.0.tgz#f9055df912a9fe6caa781f06adeba86f8ca4e9fd"
  integrity sha512-2v7eeErBOtjhGjvxSutWP1pddb1lXOf91uGXym2DGq+t3YobM3rDWZW3bkBRtVCx8ZJ/6V+3qCJ10dMzto2xNQ==
  dependencies:
    semver "^6.3.0"

"@aws-cdk/region-info@1.18.0":
  version "1.18.0"
  resolved "https://registry.yarnpkg.com/@aws-cdk/region-info/-/region-info-1.18.0.tgz#aec71c972bea401c19a76160773eaea306f4bb7f"
  integrity sha512-6nWNf/IXgByFWf0iaV71Q6ocSaYzuAqvyqFIPfzXSAsSeKtoljC1ih9tzhZbbLrf8fHrM4DW3DPYxYUJrRf/DA==

semver@^6.3.0:
  version "6.3.0"
  resolved "https://registry.yarnpkg.com/semver/-/semver-6.3.0.tgz#ee0a64c8af5e8ceea67687b133761e1becbd1d3d"
  integrity sha512-b39TBaTSfV6yBrapU89p5fKekE2m/NwnDocOVruQFS1/veMgdzuPcnOM34M6CwxW8jH/lxEa5rBoDeUwu5HHTw==

typescript@^3.7.3:
  version "3.7.3"
  resolved "https://registry.yarnpkg.com/typescript/-/typescript-3.7.3.tgz#b36840668a16458a7025b9eabfad11b66ab85c69"
  integrity sha512-Mcr/Qk7hXqFBXMN7p7Lusj1ktCBydylfQM/FZCk5glCNQJrCUKPkMHdo9R0MTFWsC/4kPFvDS0fDPvukfCkFsw==
