# THIS IS AN AUTOGENERATED FILE. DO NOT EDIT THIS FILE DIRECTLY.
# yarn lockfile v1


"@aws-cdk/assets@1.18.0":
  version "1.18.0"
  resolved "https://registry.yarnpkg.com/@aws-cdk/assets/-/assets-1.18.0.tgz#c6859dc82c43864dd9a52f3cac32dd4e66023936"
  integrity sha512-mkb4lR3JzWoQyKdHbkri5v6NuKEQNJ9gbbyoad61nTCfdRbpKfJ8agEzhT/9F7FdsPdCZuDFGAxxRYOBw5B1Jw==
  dependencies:
    "@aws-cdk/core" "1.18.0"
    "@aws-cdk/cx-api" "1.18.0"
    minimatch "^3.0.4"

"@aws-cdk/aws-applicationautoscaling@1.18.0":
  version "1.18.0"
  resolved "https://registry.yarnpkg.com/@aws-cdk/aws-applicationautoscaling/-/aws-applicationautoscaling-1.18.0.tgz#78e9a6ba08f56adc4b30d69a07817eab5bf74c0d"
  integrity sha512-hZFmj1gSQFvRB3hAj6X/ttGtLq2paT3IvSIlYWKZabnyosWfFYfLObsShjgdKp/BrrRago6PzCCQcYHUK7dxBg==
  dependencies:
    "@aws-cdk/aws-autoscaling-common" "1.18.0"
    "@aws-cdk/aws-cloudwatch" "1.18.0"
    "@aws-cdk/aws-iam" "1.18.0"
    "@aws-cdk/core" "1.18.0"

"@aws-cdk/aws-appsync@^1.18.0":
  version "1.18.0"
  resolved "https://registry.yarnpkg.com/@aws-cdk/aws-appsync/-/aws-appsync-1.18.0.tgz#0cc3a48c9d0de4c466b3ff7af943a170754c995e"
  integrity sha512-uJ9VjFfR74PtvuimQSd4ppNNMc+f8CyNfuNghYL/HbczEpiJa6XnJO2XXMru+PojZXId8TwF1MJenHRqYd9kxQ==
  dependencies:
    "@aws-cdk/core" "1.18.0"

"@aws-cdk/aws-autoscaling-common@1.18.0":
  version "1.18.0"
  resolved "https://registry.yarnpkg.com/@aws-cdk/aws-autoscaling-common/-/aws-autoscaling-common-1.18.0.tgz#612c7feacbda01ff8de369ecd45b9d00490ef047"
  integrity sha512-nr6oI9qVo4tGXKfcI3PHxzOn2dhkL8gGjxCLNDUCFkugUr3XpmfboCEM0Amn1A1gqgES/3D7fVbOLaxtxU2WZg==
  dependencies:
    "@aws-cdk/aws-iam" "1.18.0"
    "@aws-cdk/core" "1.18.0"

"@aws-cdk/aws-cloudwatch@1.18.0":
  version "1.18.0"
  resolved "https://registry.yarnpkg.com/@aws-cdk/aws-cloudwatch/-/aws-cloudwatch-1.18.0.tgz#4e6eac36aef860334ba251f00d69183593b7d1e5"
  integrity sha512-/Lgp/Q/2CSNWnf3DpcNkg+OfZ3BOkRp8gBJUMMgY0mYSRcXyDj9jy2CC1RrYj1G9R2tcyGxlplLoEndtqIiBcA==
  dependencies:
    "@aws-cdk/aws-iam" "1.18.0"
    "@aws-cdk/core" "1.18.0"

"@aws-cdk/aws-dynamodb@^1.18.0":
  version "1.18.0"
  resolved "https://registry.yarnpkg.com/@aws-cdk/aws-dynamodb/-/aws-dynamodb-1.18.0.tgz#dd6617963ba73bc43abbfecf90fdebef6040f178"
  integrity sha512-LUTNaZ5J894kT88MNKWkqQFxxfjDj9AV7qle1U7lIxq18B9At9O0pNY74ayZF7TZQlPk3ra9Cu5fjFeKpx0Ukg==
  dependencies:
    "@aws-cdk/aws-applicationautoscaling" "1.18.0"
    "@aws-cdk/aws-iam" "1.18.0"
    "@aws-cdk/core" "1.18.0"

"@aws-cdk/aws-ec2@1.18.0":
  version "1.18.0"
  resolved "https://registry.yarnpkg.com/@aws-cdk/aws-ec2/-/aws-ec2-1.18.0.tgz#5269e6bcec4f6994d7fb7abb642727cf693e5c40"
  integrity sha512-xWPlRBo9lj7u7/ib+AE+RTynH+4NVha2/l4WjTLM/msSO+vSXxGg5b8KAw194zuqRH1HCw6r+g4MIbD9gmb1gg==
  dependencies:
    "@aws-cdk/aws-cloudwatch" "1.18.0"
    "@aws-cdk/aws-iam" "1.18.0"
    "@aws-cdk/aws-ssm" "1.18.0"
    "@aws-cdk/core" "1.18.0"
    "@aws-cdk/cx-api" "1.18.0"

"@aws-cdk/aws-events@1.18.0":
  version "1.18.0"
  resolved "https://registry.yarnpkg.com/@aws-cdk/aws-events/-/aws-events-1.18.0.tgz#03b1fd0597c209be598dad97b792d4a681182653"
  integrity sha512-SPuOM3SoJH7TAwMvbWz+paEOSPtGqXnbdt0bKfY/ZPEHvmW2hmGdUS7kIPZauMc/TzOyi/YIxWX8a4FY1htCdQ==
  dependencies:
    "@aws-cdk/aws-iam" "1.18.0"
    "@aws-cdk/core" "1.18.0"

"@aws-cdk/aws-iam@1.18.0", "@aws-cdk/aws-iam@^1.18.0":
  version "1.18.0"
  resolved "https://registry.yarnpkg.com/@aws-cdk/aws-iam/-/aws-iam-1.18.0.tgz#f75fe2d33cb25e88f60e14da1a83ee0404515b94"
  integrity sha512-rl+1Oo1S5jZhAAxD1bR9ddBxIajyZ3LDpmGxiU1Y/4ZiwRlv/CKODOfhbNZUC4qHCeDFHUVUOjIYo2PRHRNmCA==
  dependencies:
    "@aws-cdk/core" "1.18.0"
    "@aws-cdk/region-info" "1.18.0"

"@aws-cdk/aws-kms@1.18.0":
  version "1.18.0"
  resolved "https://registry.yarnpkg.com/@aws-cdk/aws-kms/-/aws-kms-1.18.0.tgz#4518c8c777f28ed494a32bc24c0891e8b26304e8"
  integrity sha512-EMt3RgmUWOMPgifwL6fIV1AotHDTEszEFcM/600etPa3QEOT74szXJGPNu55mhM2wzu5Gb/j3SNl209ys2+Zww==
  dependencies:
    "@aws-cdk/aws-iam" "1.18.0"
    "@aws-cdk/core" "1.18.0"

"@aws-cdk/aws-lambda@^1.18.0":
  version "1.18.0"
  resolved "https://registry.yarnpkg.com/@aws-cdk/aws-lambda/-/aws-lambda-1.18.0.tgz#44539611b5e62f5b7f23dfc8f613d8aef9ed4675"
  integrity sha512-jL3mZuHkDFDa7Yq1a4kCcODWBUoG/xhbtt1aKWqZ+w+jA2p/5SU8Yx9iJv7WWCz3bKUB7A4m0vJe/hABmr16KQ==
  dependencies:
    "@aws-cdk/aws-cloudwatch" "1.18.0"
    "@aws-cdk/aws-ec2" "1.18.0"
    "@aws-cdk/aws-events" "1.18.0"
    "@aws-cdk/aws-iam" "1.18.0"
    "@aws-cdk/aws-logs" "1.18.0"
    "@aws-cdk/aws-s3" "1.18.0"
    "@aws-cdk/aws-s3-assets" "1.18.0"
    "@aws-cdk/aws-sqs" "1.18.0"
    "@aws-cdk/core" "1.18.0"
    "@aws-cdk/cx-api" "1.18.0"

"@aws-cdk/aws-logs@1.18.0":
  version "1.18.0"
  resolved "https://registry.yarnpkg.com/@aws-cdk/aws-logs/-/aws-logs-1.18.0.tgz#5de6bf0033fdcb6c58afccc1ce9e1a0273b8981d"
  integrity sha512-QKyIwv1MRBx7RLRn2XR/HUoYw6OPzaqe5zVNjLy5A+rAekCz3TE/yuRsjUXN+75I8Rbgw5wRTZ/1YRLf82wjhA==
  dependencies:
    "@aws-cdk/aws-cloudwatch" "1.18.0"
    "@aws-cdk/aws-iam" "1.18.0"
    "@aws-cdk/core" "1.18.0"

"@aws-cdk/aws-s3-assets@1.18.0":
  version "1.18.0"
  resolved "https://registry.yarnpkg.com/@aws-cdk/aws-s3-assets/-/aws-s3-assets-1.18.0.tgz#1a4cf823fd4c34554ddf690953cab073f4523609"
  integrity sha512-roDtShya5Vyda8eBktH+pIMftN2EuHa3k7/vxKqIpBAZJ+ne5c77XZxWWxqQzaukmlSZJYN0JBrDT1Bg+cJrwQ==
  dependencies:
    "@aws-cdk/assets" "1.18.0"
    "@aws-cdk/aws-iam" "1.18.0"
    "@aws-cdk/aws-s3" "1.18.0"
    "@aws-cdk/core" "1.18.0"
    "@aws-cdk/cx-api" "1.18.0"

"@aws-cdk/aws-s3@1.18.0":
  version "1.18.0"
  resolved "https://registry.yarnpkg.com/@aws-cdk/aws-s3/-/aws-s3-1.18.0.tgz#bfc28b49f91a3f6dfe54151054b6ab1f92d0dc83"
  integrity sha512-i50+7AEC8bMrxhB/0/eCg+JgiQTsvTEkZK1PPP1dncYQPi73uq9vk5RRVicdOtX6jvFz2aKUxWiVc3PdVuXRyQ==
  dependencies:
    "@aws-cdk/aws-events" "1.18.0"
    "@aws-cdk/aws-iam" "1.18.0"
    "@aws-cdk/aws-kms" "1.18.0"
    "@aws-cdk/core" "1.18.0"

"@aws-cdk/aws-sqs@1.18.0":
  version "1.18.0"
  resolved "https://registry.yarnpkg.com/@aws-cdk/aws-sqs/-/aws-sqs-1.18.0.tgz#b3377007ccaf88b8f6258fcd09fdcc7a712f99c1"
  integrity sha512-oXmP43Jn2EdUv/n/VAYRvAU4LDbmXS3IJbzxoCvA9VG8q6ZE9rmooTAIhjY/gYGHTL9FNfySPw7YnRa9FApFhg==
  dependencies:
    "@aws-cdk/aws-cloudwatch" "1.18.0"
    "@aws-cdk/aws-iam" "1.18.0"
    "@aws-cdk/aws-kms" "1.18.0"
    "@aws-cdk/core" "1.18.0"

"@aws-cdk/aws-ssm@1.18.0":
  version "1.18.0"
  resolved "https://registry.yarnpkg.com/@aws-cdk/aws-ssm/-/aws-ssm-1.18.0.tgz#68fcd29bd31bcdbd9fc31f523adf9c604812ecec"
  integrity sha512-8wnELHCneIez6au0PMPYqrxPXLvIstVEDiNdykTHCZ+lHIVKn/xLIXYMFuiC1CDPnVZr46eegCOHzO3l7cscWw==
  dependencies:
    "@aws-cdk/aws-iam" "1.18.0"
    "@aws-cdk/aws-kms" "1.18.0"
    "@aws-cdk/core" "1.18.0"
    "@aws-cdk/cx-api" "1.18.0"

"@aws-cdk/core@1.18.0", "@aws-cdk/core@^1.18.0":
  version "1.18.0"
  resolved "https://registry.yarnpkg.com/@aws-cdk/core/-/core-1.18.0.tgz#0cf75353772fdf7f34e4a3de6510a8881fd75eb5"
  integrity sha512-9/VCu0X/McR/VPpEnFLKQ08Nc6xsjwJEA5LA3yIh6RSnFpIcQhu4IhDcoRG6OXjiOIDXk1rFf1Tu8pHevame6g==
  dependencies:
    "@aws-cdk/cx-api" "1.18.0"

"@aws-cdk/cx-api@1.18.0":
  version "1.18.0"
  resolved "https://registry.yarnpkg.com/@aws-cdk/cx-api/-/cx-api-1.18.0.tgz#f9055df912a9fe6caa781f06adeba86f8ca4e9fd"
  integrity sha512-2v7eeErBOtjhGjvxSutWP1pddb1lXOf91uGXym2DGq+t3YobM3rDWZW3bkBRtVCx8ZJ/6V+3qCJ10dMzto2xNQ==
  dependencies:
    semver "^6.3.0"

"@aws-cdk/region-info@1.18.0":
  version "1.18.0"
  resolved "https://registry.yarnpkg.com/@aws-cdk/region-info/-/region-info-1.18.0.tgz#aec71c972bea401c19a76160773eaea306f4bb7f"
  integrity sha512-6nWNf/IXgByFWf0iaV71Q6ocSaYzuAqvyqFIPfzXSAsSeKtoljC1ih9tzhZbbLrf8fHrM4DW3DPYxYUJrRf/DA==

balanced-match@^1.0.0:
  version "1.0.0"
  resolved "https://registry.yarnpkg.com/balanced-match/-/balanced-match-1.0.0.tgz#89b4d199ab2bee49de164ea02b89ce462d71b767"
  integrity sha1-ibTRmasr7kneFk6gK4nORi1xt2c=

brace-expansion@^1.1.7:
  version "1.1.11"
  resolved "https://registry.yarnpkg.com/brace-expansion/-/brace-expansion-1.1.11.tgz#3c7fcbf529d87226f3d2f52b966ff5271eb441dd"
  integrity sha512-iCuPHDFgrHX7H2vEI/5xpz07zSHB00TpugqhmYtVmMO6518mCuRMoOYFldEBl0g187ufozdaHgWKcYFb61qGiA==
  dependencies:
    balanced-match "^1.0.0"
    concat-map "0.0.1"

concat-map@0.0.1:
  version "0.0.1"
  resolved "https://registry.yarnpkg.com/concat-map/-/concat-map-0.0.1.tgz#d8a96bd77fd68df7793a73036a3ba0d5405d477b"
  integrity sha1-2Klr13/Wjfd5OnMDajug1UBdR3s=

minimatch@^3.0.4:
  version "3.0.4"
  resolved "https://registry.yarnpkg.com/minimatch/-/minimatch-3.0.4.tgz#5166e286457f03306064be5497e8dbb0c3d32083"
  integrity sha512-yJHVQEhyqPLUTgt9B83PXu6W3rx4MvvHvSUvToogpwoGDOUQ+yDrR0HRot+yOCdCO7u4hX3pWft6kWBBcqh0UA==
  dependencies:
    brace-expansion "^1.1.7"

semver@^6.3.0:
  version "6.3.0"
  resolved "https://registry.yarnpkg.com/semver/-/semver-6.3.0.tgz#ee0a64c8af5e8ceea67687b133761e1becbd1d3d"
  integrity sha512-b39TBaTSfV6yBrapU89p5fKekE2m/NwnDocOVruQFS1/veMgdzuPcnOM34M6CwxW8jH/lxEa5rBoDeUwu5HHTw==

typescript@^3.7.3:
  version "3.7.3"
  resolved "https://registry.yarnpkg.com/typescript/-/typescript-3.7.3.tgz#b36840668a16458a7025b9eabfad11b66ab85c69"
  integrity sha512-Mcr/Qk7hXqFBXMN7p7Lusj1ktCBydylfQM/FZCk5glCNQJrCUKPkMHdo9R0MTFWsC/4kPFvDS0fDPvukfCkFsw==
